
Microsoft Visual Studio Solution File, Format Version 12.00
# Visual Studio Version 17
VisualStudioVersion = 17.1.32414.318
MinimumVisualStudioVersion = 10.0.40219.1
Project("{9A19103F-16F7-4668-BE54-9A1E7A4F7556}") = "BlazorApp.Server", "BlazorApp\Server\BlazorApp.Server.csproj", "{A659108B-0A88-49DA-B173-93841C2D965A}"
EndProject
Project("{9A19103F-16F7-4668-BE54-9A1E7A4F7556}") = "BlazorApp.Client", "BlazorApp\Client\BlazorApp.Client.csproj", "{F7969CA9-78F3-4657-ABE6-B4EAF2ABE61F}"
EndProject
Project("{9A19103F-16F7-4668-BE54-9A1E7A4F7556}") = "BlazorApp.Shared", "BlazorApp\Shared\BlazorApp.Shared.csproj", "{27BA3C82-97FD-4DAD-B046-877FCC29D72D}"
EndProject
Project("{9A19103F-16F7-4668-BE54-9A1E7A4F7556}") = "Model", "Model\Model.csproj", "{D1EBFE01-1788-481C-98E1-37AFFF5F3423}"
EndProject
Global
	GlobalSection(SolutionConfigurationPlatforms) = preSolution
		Debug|Any CPU = Debug|Any CPU
		Release|Any CPU = Release|Any CPU
	EndGlobalSection
	GlobalSection(ProjectConfigurationPlatforms) = postSolution
		{A659108B-0A88-49DA-B173-93841C2D965A}.Debug|Any CPU.ActiveCfg = Debug|Any CPU
		{A659108B-0A88-49DA-B173-93841C2D965A}.Debug|Any CPU.Build.0 = Debug|Any CPU
		{A659108B-0A88-49DA-B173-93841C2D965A}.Release|Any CPU.ActiveCfg = Release|Any CPU
		{A659108B-0A88-49DA-B173-93841C2D965A}.Release|Any CPU.Build.0 = Release|Any CPU
		{F7969CA9-78F3-4657-ABE6-B4EAF2ABE61F}.Debug|Any CPU.ActiveCfg = Debug|Any CPU
		{F7969CA9-78F3-4657-ABE6-B4EAF2ABE61F}.Debug|Any CPU.Build.0 = Debug|Any CPU
		{F7969CA9-78F3-4657-ABE6-B4EAF2ABE61F}.Release|Any CPU.ActiveCfg = Release|Any CPU
		{F7969CA9-78F3-4657-ABE6-B4EAF2ABE61F}.Release|Any CPU.Build.0 = Release|Any CPU
		{27BA3C82-97FD-4DAD-B046-877FCC29D72D}.Debug|Any CPU.ActiveCfg = Debug|Any CPU
		{27BA3C82-97FD-4DAD-B046-877FCC29D72D}.Debug|Any CPU.Build.0 = Debug|Any CPU
		{27BA3C82-97FD-4DAD-B046-877FCC29D72D}.Release|Any CPU.ActiveCfg = Release|Any CPU
		{27BA3C82-97FD-4DAD-B046-877FCC29D72D}.Release|Any CPU.Build.0 = Release|Any CPU
		{D1EBFE01-1788-481C-98E1-37AFFF5F3423}.Debug|Any CPU.ActiveCfg = Debug|Any CPU
		{D1EBFE01-1788-481C-98E1-37AFFF5F3423}.Debug|Any CPU.Build.0 = Debug|Any CPU
		{D1EBFE01-1788-481C-98E1-37AFFF5F3423}.Release|Any CPU.ActiveCfg = Release|Any CPU
		{D1EBFE01-1788-481C-98E1-37AFFF5F3423}.Release|Any CPU.Build.0 = Release|Any CPU
	EndGlobalSection
	GlobalSection(SolutionProperties) = preSolution
		HideSolutionNode = FALSE
	EndGlobalSection
	GlobalSection(ExtensibilityGlobals) = postSolution
		SolutionGuid = {6875690A-7147-4F74-9335-754384099D3D}
	EndGlobalSection
EndGlobal
